
Microsoft Visual Studio Solution File, Format Version 12.00
# Visual Studio Version 17
VisualStudioVersion = 17.0.31903.59
MinimumVisualStudioVersion = 10.0.40219.1
Project("{2150E333-8FDC-42A3-9474-1A3956D46DE8}") = "Opgave26", "Opgave26", "{077126A8-DFF8-7E34-0495-2EFDFA49F81A}"
EndProject
Project("{FAE04EC0-301F-11D3-BF4B-00C04F79EFBC}") = "domaneprimitiver", "Opgave26\domaneprimitiver.csproj", "{F874899F-17F0-4AD2-B1F2-A0808CC0826B}"
EndProject
Global
	GlobalSection(SolutionConfigurationPlatforms) = preSolution
		Debug|Any CPU = Debug|Any CPU
		Debug|x64 = Debug|x64
		Debug|x86 = Debug|x86
		Release|Any CPU = Release|Any CPU
		Release|x64 = Release|x64
		Release|x86 = Release|x86
	EndGlobalSection
	GlobalSection(ProjectConfigurationPlatforms) = postSolution
		{F874899F-17F0-4AD2-B1F2-A0808CC0826B}.Debug|Any CPU.ActiveCfg = Debug|Any CPU
		{F874899F-17F0-4AD2-B1F2-A0808CC0826B}.Debug|Any CPU.Build.0 = Debug|Any CPU
		{F874899F-17F0-4AD2-B1F2-A0808CC0826B}.Debug|x64.ActiveCfg = Debug|Any CPU
		{F874899F-17F0-4AD2-B1F2-A0808CC0826B}.Debug|x64.Build.0 = Debug|Any CPU
		{F874899F-17F0-4AD2-B1F2-A0808CC0826B}.Debug|x86.ActiveCfg = Debug|Any CPU
		{F874899F-17F0-4AD2-B1F2-A0808CC0826B}.Debug|x86.Build.0 = Debug|Any CPU
		{F874899F-17F0-4AD2-B1F2-A0808CC0826B}.Release|Any CPU.ActiveCfg = Release|Any CPU
		{F874899F-17F0-4AD2-B1F2-A0808CC0826B}.Release|Any CPU.Build.0 = Release|Any CPU
		{F874899F-17F0-4AD2-B1F2-A0808CC0826B}.Release|x64.ActiveCfg = Release|Any CPU
		{F874899F-17F0-4AD2-B1F2-A0808CC0826B}.Release|x64.Build.0 = Release|Any CPU
		{F874899F-17F0-4AD2-B1F2-A0808CC0826B}.Release|x86.ActiveCfg = Release|Any CPU
		{F874899F-17F0-4AD2-B1F2-A0808CC0826B}.Release|x86.Build.0 = Release|Any CPU
	EndGlobalSection
	GlobalSection(SolutionProperties) = preSolution
		HideSolutionNode = FALSE
	EndGlobalSection
	GlobalSection(NestedProjects) = preSolution
		{F874899F-17F0-4AD2-B1F2-A0808CC0826B} = {077126A8-DFF8-7E34-0495-2EFDFA49F81A}
	EndGlobalSection
EndGlobal
