Microsoft Visual Studio Solution File, Format Version 12.00
# Visual Studio Version 17
VisualStudioVersion = 17.5.2.0
MinimumVisualStudioVersion = 10.0.40219.1
Project("{FAE04EC0-301F-11D3-BF4B-00C04F79EFBC}") = "domaneprimitiver", "domaneprimitiver.csproj", "{807142D5-3765-EB04-44AE-533ABB60A532}"
EndProject
Global
	GlobalSection(SolutionConfigurationPlatforms) = preSolution
		Debug|Any CPU = Debug|Any CPU
		Release|Any CPU = Release|Any CPU
	EndGlobalSection
	GlobalSection(ProjectConfigurationPlatforms) = postSolution
		{807142D5-3765-EB04-44AE-533ABB60A532}.Debug|Any CPU.ActiveCfg = Debug|Any CPU
		{807142D5-3765-EB04-44AE-533ABB60A532}.Debug|Any CPU.Build.0 = Debug|Any CPU
		{807142D5-3765-EB04-44AE-533ABB60A532}.Release|Any CPU.ActiveCfg = Release|Any CPU
		{807142D5-3765-EB04-44AE-533ABB60A532}.Release|Any CPU.Build.0 = Release|Any CPU
	EndGlobalSection
	GlobalSection(SolutionProperties) = preSolution
		HideSolutionNode = FALSE
	EndGlobalSection
	GlobalSection(ExtensibilityGlobals) = postSolution
		SolutionGuid = {FFBDE927-0FC2-4198-B1D8-9ECDBED86509}
	EndGlobalSection
EndGlobal
